<?xml version="1.0" encoding="utf-8"?>
<Project ToolsVersion="4.0" xmlns="http://schemas.microsoft.com/developer/msbuild/2003">
  <ItemGroup>
    <Filter Include="Arquivos de Origem">
      <UniqueIdentifier>{4FC737F1-C7A5-4376-A066-2A32D752A2FF}</UniqueIdentifier>
      <Extensions>cpp;c;cc;cxx;def;odl;idl;hpj;bat;asm;asmx</Extensions>
    </Filter>
    <Filter Include="Arquivos de Cabeçalho">
      <UniqueIdentifier>{93995380-89BD-4b04-88EB-625FBE52EBFB}</UniqueIdentifier>
      <Extensions>h;hh;hpp;hxx;hm;inl;inc;xsd</Extensions>
    </Filter>
    <Filter Include="Arquivos de Recurso">
      <UniqueIdentifier>{67DA6AB6-F800-4c08-8B7A-83BB121AAD01}</UniqueIdentifier>
      <Extensions>rc;ico;cur;bmp;dlg;rc2;rct;bin;rgs;gif;jpg;jpeg;jpe;resx;tiff;tif;png;wav;mfcribbon-ms</Extensions>
    </Filter>
    <Filter Include="Arquivos de Origem\render">
      <UniqueIdentifier>{77c95dfa-4399-416a-934b-bb7de5b5bf85}</UniqueIdentifier>
    </Filter>
    <Filter Include="Arquivos de Cabeçalho\render">
      <UniqueIdentifier>{0ee73e96-c9df-4ce3-aae8-51cab83c51ca}</UniqueIdentifier>
    </Filter>
  </ItemGroup>
  <ItemGroup>
    <ClInclude Include="src\render\camera.h">
      <Filter>Arquivos de Cabeçalho\render</Filter>
    </ClInclude>
    <ClInclude Include="src\render\color.h">
      <Filter>Arquivos de Cabeçalho\render</Filter>
    </ClInclude>
    <ClInclude Include="src\render\d3dx12.h">
      <Filter>Arquivos de Cabeçalho\render</Filter>
    </ClInclude>
    <ClInclude Include="src\render\renderengine.h">
      <Filter>Arquivos de Cabeçalho\render</Filter>
    </ClInclude>
    <ClInclude Include="src\render\renderenginehelper.h">
      <Filter>Arquivos de Cabeçalho\render</Filter>
    </ClInclude>
    <ClInclude Include="src\render\renderobject.h">
      <Filter>Arquivos de Cabeçalho\render</Filter>
    </ClInclude>
    <ClInclude Include="src\render\resourcedata.h">
      <Filter>Arquivos de Cabeçalho\render</Filter>
    </ClInclude>
    <ClInclude Include="src\render\resourceinstance.h">
      <Filter>Arquivos de Cabeçalho\render</Filter>
    </ClInclude>
    <ClInclude Include="src\render\vector3.h">
      <Filter>Arquivos de Cabeçalho\render</Filter>
    </ClInclude>
    <ClInclude Include="src\render\vertex3.h">
      <Filter>Arquivos de Cabeçalho\render</Filter>
    </ClInclude>
    <ClInclude Include="src\render\d3d9engine.h">
      <Filter>Arquivos de Cabeçalho\render</Filter>
    </ClInclude>
    <ClInclude Include="src\UserProfile.h">
      <Filter>Arquivos de Origem</Filter>
    </ClInclude>
    <ClInclude Include="src\lib\sqlite-amalgamation-3200100\sqlite3.h">
      <Filter>Arquivos de Origem</Filter>
    </ClInclude>
    <ClInclude Include="src\lib\sqlite-amalgamation-3200100\sqlite3ext.h">
      <Filter>Arquivos de Origem</Filter>
    </ClInclude>
    <ClInclude Include="src\database.h">
      <Filter>Arquivos de Origem</Filter>
    </ClInclude>
    <ClInclude Include="src\sqlstatement.h">
      <Filter>Arquivos de Origem</Filter>
    </ClInclude>
  </ItemGroup>
  <ItemGroup>
    <ClCompile Include="src\render\d3d9engine.cpp">
      <Filter>Arquivos de Origem\render</Filter>
    </ClCompile>
    <ClCompile Include="src\render\d3d10engine.cpp">
      <Filter>Arquivos de Origem\render</Filter>
    </ClCompile>
    <ClCompile Include="src\render\renderengine.cpp">
      <Filter>Arquivos de Origem\render</Filter>
    </ClCompile>
    <ClCompile Include="src\render\renderenginehelper.cpp">
      <Filter>Arquivos de Origem\render</Filter>
    </ClCompile>
    <ClCompile Include="src\render\resourcedata.cpp">
      <Filter>Arquivos de Origem\render</Filter>
    </ClCompile>
    <ClCompile Include="src\render\resourceinstance.cpp">
      <Filter>Arquivos de Origem\render</Filter>
    </ClCompile>
    <ClCompile Include="src\render\viewport.cpp">
      <Filter>Arquivos de Origem\render</Filter>
    </ClCompile>
    <ClCompile Include="src\UserProfile.cpp">
      <Filter>Arquivos de Origem</Filter>
    </ClCompile>
    <ClCompile Include="src\lib\sqlite-amalgamation-3200100\sqlite3.c">
      <Filter>Arquivos de Origem</Filter>
    </ClCompile>
    <ClCompile Include="src\demodb.cpp">
      <Filter>Arquivos de Origem</Filter>
    </ClCompile>
    <ClCompile Include="src\database.cpp">
      <Filter>Arquivos de Origem</Filter>
    </ClCompile>
    <ClCompile Include="src\sqlstatement.cpp">
      <Filter>Arquivos de Origem</Filter>
    </ClCompile>
  </ItemGroup>
</Project>