<?xml version="1.0" encoding="utf-8"?>
<Project ToolsVersion="4.0" xmlns="http://schemas.microsoft.com/developer/msbuild/2003">
  <ItemGroup>
    <Filter Include="related_non_functional_resources">
      <UniqueIdentifier>{83300f0c-cfec-492c-bb20-32dec92f3571}</UniqueIdentifier>
    </Filter>
    <Filter Include="src">
      <UniqueIdentifier>{4FC737F1-C7A5-4376-A066-2A32D752A2FF}</UniqueIdentifier>
      <Extensions>cpp;c;cc;cxx;def;odl;idl;hpj;bat;asm;asmx</Extensions>
    </Filter>
    <Filter Include="src\database">
      <UniqueIdentifier>{600c2e31-78ee-47ee-bc78-ca0eb4b69b02}</UniqueIdentifier>
    </Filter>
    <Filter Include="src\database\sqlite">
      <UniqueIdentifier>{93edbc9f-525c-4952-a39d-d739a585f208}</UniqueIdentifier>
    </Filter>
    <Filter Include="src\utils">
      <UniqueIdentifier>{37287e9b-febc-4ed0-8070-b5ec40391b09}</UniqueIdentifier>
    </Filter>
    <Filter Include="src\lib">
      <UniqueIdentifier>{c78801d0-8638-4aca-8395-d536b0cc10f2}</UniqueIdentifier>
    </Filter>
    <Filter Include="src\lib\sqlite-amalgamation-3200100">
      <UniqueIdentifier>{14c57f5a-6369-4491-9660-d42f9baa55af}</UniqueIdentifier>
    </Filter>
    <Filter Include="src\lib\libxml">
      <UniqueIdentifier>{7a7ad390-ab54-41d9-b3c7-4508f602e2ed}</UniqueIdentifier>
    </Filter>
    <Filter Include="src\render3d">
      <UniqueIdentifier>{77c95dfa-4399-416a-934b-bb7de5b5bf85}</UniqueIdentifier>
    </Filter>
    <Filter Include="src\entity">
      <UniqueIdentifier>{5ef661f1-0efd-41c5-91b9-89e5b6f49862}</UniqueIdentifier>
    </Filter>
    <Filter Include="src\entity\dao">
      <UniqueIdentifier>{48d08050-1bbb-45fd-a91b-e7cbe0d24bd7}</UniqueIdentifier>
    </Filter>
    <Filter Include="src\user-interface">
      <UniqueIdentifier>{8c14587e-4eb9-476b-a87e-8d591bd6b65a}</UniqueIdentifier>
    </Filter>
    <Filter Include="src\user-interface\components">
      <UniqueIdentifier>{34cda9e9-215c-479c-ac80-5eacab16b4b0}</UniqueIdentifier>
    </Filter>
    <Filter Include="src\uilib">
      <UniqueIdentifier>{89bab52d-9c52-4a55-8bbd-c9bd0fca17f2}</UniqueIdentifier>
    </Filter>
    <Filter Include="src\uilib\ui">
      <UniqueIdentifier>{88d0f52d-de47-4b34-b2cd-e87675e56102}</UniqueIdentifier>
    </Filter>
    <Filter Include="src\uilib\ui\controls">
      <UniqueIdentifier>{961706a7-aa89-42b1-82fc-30667426030a}</UniqueIdentifier>
    </Filter>
    <Filter Include="src\uilib\ui\dialogs">
      <UniqueIdentifier>{7080cd0b-f297-48da-875c-ba4b5d2c05b6}</UniqueIdentifier>
    </Filter>
    <Filter Include="src\uilib\ui\layout">
      <UniqueIdentifier>{94ea8b1e-e183-4e64-af6b-2fd134244f17}</UniqueIdentifier>
    </Filter>
    <Filter Include="src\uilib\ui\painting">
      <UniqueIdentifier>{f159ea82-40f3-4c2e-ae0a-539a2b8dfdce}</UniqueIdentifier>
    </Filter>
    <Filter Include="src\uilib\ui\osd">
      <UniqueIdentifier>{090d9120-092c-4cc1-ae23-d0b9ee6ecd5c}</UniqueIdentifier>
    </Filter>
    <Filter Include="src\uilib\ui\osd\windows">
      <UniqueIdentifier>{0d2403f5-816f-4137-8ad9-cbeb850bb08c}</UniqueIdentifier>
    </Filter>
    <Filter Include="src\uilib\lib">
      <UniqueIdentifier>{da64722c-ecd9-44ac-ae02-eb15b6b80f60}</UniqueIdentifier>
    </Filter>
    <Filter Include="src\uilib\lib\osd">
      <UniqueIdentifier>{cb294640-3d40-4682-afe2-c99ae49dce88}</UniqueIdentifier>
    </Filter>
    <Filter Include="src\user-interface\playmodes">
      <UniqueIdentifier>{043b9431-b48b-4dc2-9f0d-3dc82eb36b4f}</UniqueIdentifier>
    </Filter>
    <Filter Include="src\uilib\ui\impl">
      <UniqueIdentifier>{1540d453-e5f8-4f88-bbe9-f5eb1cfa17ec}</UniqueIdentifier>
    </Filter>
    <Filter Include="src\lib\lib">
      <UniqueIdentifier>{7b523a99-9c9e-4308-8354-900e13f0c916}</UniqueIdentifier>
    </Filter>
    <Filter Include="src\lib\lib\libxml">
      <UniqueIdentifier>{92653eb7-e2db-4e8e-abd0-acf68be19505}</UniqueIdentifier>
    </Filter>
    <Filter Include="src\core">
      <UniqueIdentifier>{f517622c-31c4-4e43-bf23-5dafc99f8ce5}</UniqueIdentifier>
    </Filter>
    <Filter Include="src\core\lib">
      <UniqueIdentifier>{4f1240e6-63cb-4e64-84c1-8137e7dd8440}</UniqueIdentifier>
    </Filter>
    <Filter Include="src\core\entity">
      <UniqueIdentifier>{c6383885-82df-49c4-a16f-cc421583ab29}</UniqueIdentifier>
    </Filter>
  </ItemGroup>
  <ItemGroup>
    <ClInclude Include="src\utils\crypter.h">
      <Filter>src\utils</Filter>
    </ClInclude>
    <ClInclude Include="src\database\database.h">
      <Filter>src\database</Filter>
    </ClInclude>
    <ClInclude Include="src\database\sqlstatement.h">
      <Filter>src\database</Filter>
    </ClInclude>
    <ClInclude Include="src\render3d\camera.h">
      <Filter>src\render3d</Filter>
    </ClInclude>
    <ClInclude Include="src\render3d\color.h">
      <Filter>src\render3d</Filter>
    </ClInclude>
    <ClInclude Include="src\render3d\d3d9engine.h">
      <Filter>src\render3d</Filter>
    </ClInclude>
    <ClInclude Include="src\render3d\d3dx12.h">
      <Filter>src\render3d</Filter>
    </ClInclude>
    <ClInclude Include="src\render3d\renderengine.h">
      <Filter>src\render3d</Filter>
    </ClInclude>
    <ClInclude Include="src\render3d\renderenginehelper.h">
      <Filter>src\render3d</Filter>
    </ClInclude>
    <ClInclude Include="src\render3d\renderobject.h">
      <Filter>src\render3d</Filter>
    </ClInclude>
    <ClInclude Include="src\render3d\resourcedata.h">
      <Filter>src\render3d</Filter>
    </ClInclude>
    <ClInclude Include="src\render3d\resourceinstance.h">
      <Filter>src\render3d</Filter>
    </ClInclude>
    <ClInclude Include="src\render3d\vector3.h">
      <Filter>src\render3d</Filter>
    </ClInclude>
    <ClInclude Include="src\database\resultset.h">
      <Filter>src\database</Filter>
    </ClInclude>
    <ClInclude Include="src\user-interface\LoginController.h">
      <Filter>src\user-interface</Filter>
    </ClInclude>
    <ClInclude Include="src\uilib\types.h">
      <Filter>src\uilib</Filter>
    </ClInclude>
    <ClInclude Include="src\uilib\ui\control.h">
      <Filter>src\uilib\ui</Filter>
    </ClInclude>
    <ClInclude Include="src\uilib\ui\event.h">
      <Filter>src\uilib\ui</Filter>
    </ClInclude>
    <ClInclude Include="src\uilib\ui\font.h">
      <Filter>src\uilib\ui</Filter>
    </ClInclude>
    <ClInclude Include="src\uilib\ui\menu.h">
      <Filter>src\uilib\ui</Filter>
    </ClInclude>
    <ClInclude Include="src\uilib\ui\uibase.h">
      <Filter>src\uilib\ui</Filter>
    </ClInclude>
    <ClInclude Include="src\uilib\ui\uiobj.h">
      <Filter>src\uilib\ui</Filter>
    </ClInclude>
    <ClInclude Include="src\uilib\ui\uitools.h">
      <Filter>src\uilib\ui</Filter>
    </ClInclude>
    <ClInclude Include="src\uilib\ui\window.h">
      <Filter>src\uilib\ui</Filter>
    </ClInclude>
    <ClInclude Include="src\uilib\ui\controls\button.h">
      <Filter>src\uilib\ui\controls</Filter>
    </ClInclude>
    <ClInclude Include="src\uilib\ui\controls\checkbox.h">
      <Filter>src\uilib\ui\controls</Filter>
    </ClInclude>
    <ClInclude Include="src\uilib\ui\controls\combobox.h">
      <Filter>src\uilib\ui\controls</Filter>
    </ClInclude>
    <ClInclude Include="src\uilib\ui\controls\editbox.h">
      <Filter>src\uilib\ui\controls</Filter>
    </ClInclude>
    <ClInclude Include="src\uilib\ui\controls\gridview.h">
      <Filter>src\uilib\ui\controls</Filter>
    </ClInclude>
    <ClInclude Include="src\uilib\ui\controls\groupbox.h">
      <Filter>src\uilib\ui\controls</Filter>
    </ClInclude>
    <ClInclude Include="src\uilib\ui\controls\label.h">
      <Filter>src\uilib\ui\controls</Filter>
    </ClInclude>
    <ClInclude Include="src\uilib\ui\controls\listview.h">
      <Filter>src\uilib\ui\controls</Filter>
    </ClInclude>
    <ClInclude Include="src\uilib\ui\controls\radiobutton.h">
      <Filter>src\uilib\ui\controls</Filter>
    </ClInclude>
    <ClInclude Include="src\uilib\ui\controls\scrollbar.h">
      <Filter>src\uilib\ui\controls</Filter>
    </ClInclude>
    <ClInclude Include="src\uilib\ui\controls\separator.h">
      <Filter>src\uilib\ui\controls</Filter>
    </ClInclude>
    <ClInclude Include="src\uilib\ui\controls\statusbar.h">
      <Filter>src\uilib\ui\controls</Filter>
    </ClInclude>
    <ClInclude Include="src\uilib\ui\controls\textlink.h">
      <Filter>src\uilib\ui\controls</Filter>
    </ClInclude>
    <ClInclude Include="src\uilib\ui\dialogs\filedialog.h">
      <Filter>src\uilib\ui\dialogs</Filter>
    </ClInclude>
    <ClInclude Include="src\uilib\ui\layout\horizontallayout.h">
      <Filter>src\uilib\ui\layout</Filter>
    </ClInclude>
    <ClInclude Include="src\uilib\ui\layout\layout.h">
      <Filter>src\uilib\ui\layout</Filter>
    </ClInclude>
    <ClInclude Include="src\uilib\ui\layout\linearlayout.h">
      <Filter>src\uilib\ui\layout</Filter>
    </ClInclude>
    <ClInclude Include="src\uilib\ui\layout\verticallayout.h">
      <Filter>src\uilib\ui\layout</Filter>
    </ClInclude>
    <ClInclude Include="src\uilib\ui\painting\bitmap.h">
      <Filter>src\uilib\ui\painting</Filter>
    </ClInclude>
    <ClInclude Include="src\uilib\ui\painting\color.h">
      <Filter>src\uilib\ui\painting</Filter>
    </ClInclude>
    <ClInclude Include="src\uilib\ui\painting\painter.h">
      <Filter>src\uilib\ui\painting</Filter>
    </ClInclude>
    <ClInclude Include="src\uilib\ui\painting\paintingdevice.h">
      <Filter>src\uilib\ui\painting</Filter>
    </ClInclude>
    <ClInclude Include="src\uilib\ui\painting\palette.h">
      <Filter>src\uilib\ui\painting</Filter>
    </ClInclude>
    <ClInclude Include="src\uilib\ui\painting\rgb.h">
      <Filter>src\uilib\ui\painting</Filter>
    </ClInclude>
    <ClInclude Include="src\uilib\ui\painting\transform.h">
      <Filter>src\uilib\ui\painting</Filter>
    </ClInclude>
    <ClInclude Include="src\uilib\ui\osd\windows\osdbase.h">
      <Filter>src\uilib\ui\osd\windows</Filter>
    </ClInclude>
    <ClInclude Include="src\uilib\ui\osd\windows\windowscontrols.h">
      <Filter>src\uilib\ui\osd\windows</Filter>
    </ClInclude>
    <ClInclude Include="src\uilib\lib\dir.h">
      <Filter>src\uilib\lib</Filter>
    </ClInclude>
    <ClInclude Include="src\uilib\lib\file.h">
      <Filter>src\uilib\lib</Filter>
    </ClInclude>
    <ClInclude Include="src\uilib\lib\matrix.h">
      <Filter>src\uilib\lib</Filter>
    </ClInclude>
    <ClInclude Include="src\uilib\lib\pmfile.h">
      <Filter>src\uilib\lib</Filter>
    </ClInclude>
    <ClInclude Include="src\uilib\lib\point.h">
      <Filter>src\uilib\lib</Filter>
    </ClInclude>
    <ClInclude Include="src\uilib\lib\rect.h">
      <Filter>src\uilib\lib</Filter>
    </ClInclude>
    <ClInclude Include="src\uilib\lib\size.h">
      <Filter>src\uilib\lib</Filter>
    </ClInclude>
    <ClInclude Include="src\uilib\lib\string.h">
      <Filter>src\uilib\lib</Filter>
    </ClInclude>
    <ClInclude Include="src\uilib\lib\time.h">
      <Filter>src\uilib\lib</Filter>
    </ClInclude>
    <ClInclude Include="src\uilib\lib\timer.h">
      <Filter>src\uilib\lib</Filter>
    </ClInclude>
    <ClInclude Include="src\uilib\lib\osd\osdfile.h">
      <Filter>src\uilib\lib\osd</Filter>
    </ClInclude>
    <ClInclude Include="src\database\sqlite\sqlitestatement.h">
      <Filter>src\database\sqlite</Filter>
    </ClInclude>
    <ClInclude Include="src\database\sqlite\sqliteresultset.h">
      <Filter>src\database\sqlite</Filter>
    </ClInclude>
    <ClInclude Include="src\database\sqlite\sqlitedatabase.h">
      <Filter>src\database\sqlite</Filter>
    </ClInclude>
    <ClInclude Include="src\render3d\viewport.h">
      <Filter>src\render3d</Filter>
    </ClInclude>
    <ClInclude Include="src\render3d\textresource.h">
      <Filter>src\render3d</Filter>
    </ClInclude>
    <ClInclude Include="src\defs.h">
      <Filter>src</Filter>
    </ClInclude>
    <ClInclude Include="src\user-interface\Controller.h">
      <Filter>src\user-interface</Filter>
    </ClInclude>
    <ClInclude Include="src\user-interface\ExercisesController.h">
      <Filter>src\user-interface</Filter>
    </ClInclude>
    <ClInclude Include="src\cinetico.h">
      <Filter>src</Filter>
    </ClInclude>
    <ClInclude Include="src\cineticodb.h">
      <Filter>src</Filter>
    </ClInclude>
    <ClInclude Include="src\render3d\fontresource.h">
      <Filter>src\render3d</Filter>
    </ClInclude>
    <ClInclude Include="src\entity\dao\ExerciseDAO.h">
      <Filter>src\entity\dao</Filter>
    </ClInclude>
    <ClInclude Include="src\entity\dao\UserProfileDAO.h">
      <Filter>src\entity\dao</Filter>
    </ClInclude>
    <ClInclude Include="src\render3d\light.h">
      <Filter>src\render3d</Filter>
    </ClInclude>
    <ClInclude Include="src\entity\dao\ActionDAO.h">
      <Filter>src\entity\dao</Filter>
    </ClInclude>
    <ClInclude Include="src\user-interface\UserProfileController.h">
      <Filter>src\user-interface</Filter>
    </ClInclude>
    <ClInclude Include="src\user-interface\components\cSeparator.h">
      <Filter>src\user-interface\components</Filter>
    </ClInclude>
    <ClInclude Include="src\user-interface\components\cTextBox.h">
      <Filter>src\user-interface\components</Filter>
    </ClInclude>
    <ClInclude Include="src\user-interface\components\cPageTitle.h">
      <Filter>src\user-interface\components</Filter>
    </ClInclude>
    <ClInclude Include="src\user-interface\components\cComboBox.h">
      <Filter>src\user-interface\components</Filter>
    </ClInclude>
    <ClInclude Include="src\colladaparser.h">
      <Filter>src</Filter>
    </ClInclude>
    <ClInclude Include="src\lib\d3dx9.h">
      <Filter>src\lib</Filter>
    </ClInclude>
    <ClInclude Include="src\lib\d3dx9anim.h">
      <Filter>src\lib</Filter>
    </ClInclude>
    <ClInclude Include="src\lib\d3dx9core.h">
      <Filter>src\lib</Filter>
    </ClInclude>
    <ClInclude Include="src\lib\d3dx9effect.h">
      <Filter>src\lib</Filter>
    </ClInclude>
    <ClInclude Include="src\lib\d3dx9math.h">
      <Filter>src\lib</Filter>
    </ClInclude>
    <ClInclude Include="src\lib\d3dx9mesh.h">
      <Filter>src\lib</Filter>
    </ClInclude>
    <ClInclude Include="src\lib\d3dx9shader.h">
      <Filter>src\lib</Filter>
    </ClInclude>
    <ClInclude Include="src\lib\d3dx9shape.h">
      <Filter>src\lib</Filter>
    </ClInclude>
    <ClInclude Include="src\lib\d3dx9tex.h">
      <Filter>src\lib</Filter>
    </ClInclude>
    <ClInclude Include="src\lib\d3dx9xof.h">
      <Filter>src\lib</Filter>
    </ClInclude>
    <ClInclude Include="src\lib\sqlite-amalgamation-3200100\sqlite3.h">
      <Filter>src\lib\sqlite-amalgamation-3200100</Filter>
    </ClInclude>
    <ClInclude Include="src\lib\sqlite-amalgamation-3200100\sqlite3ext.h">
      <Filter>src\lib\sqlite-amalgamation-3200100</Filter>
    </ClInclude>
    <ClInclude Include="src\lib\libxml\c14n.h">
      <Filter>src\lib\libxml</Filter>
    </ClInclude>
    <ClInclude Include="src\lib\libxml\catalog.h">
      <Filter>src\lib\libxml</Filter>
    </ClInclude>
    <ClInclude Include="src\lib\libxml\chvalid.h">
      <Filter>src\lib\libxml</Filter>
    </ClInclude>
    <ClInclude Include="src\lib\libxml\debugXML.h">
      <Filter>src\lib\libxml</Filter>
    </ClInclude>
    <ClInclude Include="src\lib\libxml\dict.h">
      <Filter>src\lib\libxml</Filter>
    </ClInclude>
    <ClInclude Include="src\lib\libxml\DOCBparser.h">
      <Filter>src\lib\libxml</Filter>
    </ClInclude>
    <ClInclude Include="src\lib\libxml\encoding.h">
      <Filter>src\lib\libxml</Filter>
    </ClInclude>
    <ClInclude Include="src\lib\libxml\entities.h">
      <Filter>src\lib\libxml</Filter>
    </ClInclude>
    <ClInclude Include="src\lib\libxml\globals.h">
      <Filter>src\lib\libxml</Filter>
    </ClInclude>
    <ClInclude Include="src\lib\libxml\hash.h">
      <Filter>src\lib\libxml</Filter>
    </ClInclude>
    <ClInclude Include="src\lib\libxml\HTMLparser.h">
      <Filter>src\lib\libxml</Filter>
    </ClInclude>
    <ClInclude Include="src\lib\libxml\HTMLtree.h">
      <Filter>src\lib\libxml</Filter>
    </ClInclude>
    <ClInclude Include="src\lib\libxml\list.h">
      <Filter>src\lib\libxml</Filter>
    </ClInclude>
    <ClInclude Include="src\lib\libxml\nanoftp.h">
      <Filter>src\lib\libxml</Filter>
    </ClInclude>
    <ClInclude Include="src\lib\libxml\nanohttp.h">
      <Filter>src\lib\libxml</Filter>
    </ClInclude>
    <ClInclude Include="src\lib\libxml\parser.h">
      <Filter>src\lib\libxml</Filter>
    </ClInclude>
    <ClInclude Include="src\lib\libxml\parserInternals.h">
      <Filter>src\lib\libxml</Filter>
    </ClInclude>
    <ClInclude Include="src\lib\libxml\pattern.h">
      <Filter>src\lib\libxml</Filter>
    </ClInclude>
    <ClInclude Include="src\lib\libxml\relaxng.h">
      <Filter>src\lib\libxml</Filter>
    </ClInclude>
    <ClInclude Include="src\lib\libxml\SAX.h">
      <Filter>src\lib\libxml</Filter>
    </ClInclude>
    <ClInclude Include="src\lib\libxml\SAX2.h">
      <Filter>src\lib\libxml</Filter>
    </ClInclude>
    <ClInclude Include="src\lib\libxml\schemasInternals.h">
      <Filter>src\lib\libxml</Filter>
    </ClInclude>
    <ClInclude Include="src\lib\libxml\schematron.h">
      <Filter>src\lib\libxml</Filter>
    </ClInclude>
    <ClInclude Include="src\lib\libxml\threads.h">
      <Filter>src\lib\libxml</Filter>
    </ClInclude>
    <ClInclude Include="src\lib\libxml\tree.h">
      <Filter>src\lib\libxml</Filter>
    </ClInclude>
    <ClInclude Include="src\lib\libxml\uri.h">
      <Filter>src\lib\libxml</Filter>
    </ClInclude>
    <ClInclude Include="src\lib\libxml\valid.h">
      <Filter>src\lib\libxml</Filter>
    </ClInclude>
    <ClInclude Include="src\lib\libxml\xinclude.h">
      <Filter>src\lib\libxml</Filter>
    </ClInclude>
    <ClInclude Include="src\lib\libxml\xlink.h">
      <Filter>src\lib\libxml</Filter>
    </ClInclude>
    <ClInclude Include="src\lib\libxml\xmlautomata.h">
      <Filter>src\lib\libxml</Filter>
    </ClInclude>
    <ClInclude Include="src\lib\libxml\xmlerror.h">
      <Filter>src\lib\libxml</Filter>
    </ClInclude>
    <ClInclude Include="src\lib\libxml\xmlexports.h">
      <Filter>src\lib\libxml</Filter>
    </ClInclude>
    <ClInclude Include="src\lib\libxml\xmlIO.h">
      <Filter>src\lib\libxml</Filter>
    </ClInclude>
    <ClInclude Include="src\lib\libxml\xmlmemory.h">
      <Filter>src\lib\libxml</Filter>
    </ClInclude>
    <ClInclude Include="src\lib\libxml\xmlmodule.h">
      <Filter>src\lib\libxml</Filter>
    </ClInclude>
    <ClInclude Include="src\lib\libxml\xmlreader.h">
      <Filter>src\lib\libxml</Filter>
    </ClInclude>
    <ClInclude Include="src\lib\libxml\xmlregexp.h">
      <Filter>src\lib\libxml</Filter>
    </ClInclude>
    <ClInclude Include="src\lib\libxml\xmlsave.h">
      <Filter>src\lib\libxml</Filter>
    </ClInclude>
    <ClInclude Include="src\lib\libxml\xmlschemas.h">
      <Filter>src\lib\libxml</Filter>
    </ClInclude>
    <ClInclude Include="src\lib\libxml\xmlschemastypes.h">
      <Filter>src\lib\libxml</Filter>
    </ClInclude>
    <ClInclude Include="src\lib\libxml\xmlstring.h">
      <Filter>src\lib\libxml</Filter>
    </ClInclude>
    <ClInclude Include="src\lib\libxml\xmlunicode.h">
      <Filter>src\lib\libxml</Filter>
    </ClInclude>
    <ClInclude Include="src\lib\libxml\xmlversion.h">
      <Filter>src\lib\libxml</Filter>
    </ClInclude>
    <ClInclude Include="src\lib\libxml\xmlwriter.h">
      <Filter>src\lib\libxml</Filter>
    </ClInclude>
    <ClInclude Include="src\lib\libxml\xpath.h">
      <Filter>src\lib\libxml</Filter>
    </ClInclude>
    <ClInclude Include="src\lib\libxml\xpathInternals.h">
      <Filter>src\lib\libxml</Filter>
    </ClInclude>
    <ClInclude Include="src\lib\libxml\xpointer.h">
      <Filter>src\lib\libxml</Filter>
    </ClInclude>
    <ClInclude Include="src\lib\libxml\iconv.h">
      <Filter>src\lib\libxml</Filter>
    </ClInclude>
    <ClInclude Include="src\user-interface\viewtemplate.h">
      <Filter>src\user-interface</Filter>
    </ClInclude>
    <ClInclude Include="src\character.h">
      <Filter>src</Filter>
    </ClInclude>
    <ClInclude Include="src\dummycharacter.h">
      <Filter>src</Filter>
    </ClInclude>
    <ClInclude Include="src\humancharacter.h">
      <Filter>src</Filter>
    </ClInclude>
    <ClInclude Include="src\dictionary.h">
      <Filter>src</Filter>
    </ClInclude>
    <ClInclude Include="src\user-interface\ActionsController.h">
      <Filter>src\user-interface</Filter>
    </ClInclude>
    <ClInclude Include="src\cineticoui.h">
      <Filter>src</Filter>
    </ClInclude>
    <ClInclude Include="src\user-interface\playmodes\DebugPlayMode.h">
      <Filter>src\user-interface\playmodes</Filter>
    </ClInclude>
    <ClInclude Include="src\user-interface\playmodes\ExercisePlayMode.h">
      <Filter>src\user-interface\playmodes</Filter>
    </ClInclude>
    <ClInclude Include="src\user-interface\playmodes\FreePlayMode.h">
      <Filter>src\user-interface\playmodes</Filter>
    </ClInclude>
    <ClInclude Include="src\user-interface\playmodes\PlayMode.h">
      <Filter>src\user-interface\playmodes</Filter>
    </ClInclude>
    <ClInclude Include="src\user-interface\playmodes\ReplayPlayMode.h">
      <Filter>src\user-interface\playmodes</Filter>
    </ClInclude>
    <ClInclude Include="src\input.h">
      <Filter>src</Filter>
    </ClInclude>
    <ClInclude Include="src\uilib\ui\controls\scrollview.h">
      <Filter>src\uilib\ui\controls</Filter>
    </ClInclude>
    <ClInclude Include="src\uilib\ui\osd\windows\osdscrollview.h">
      <Filter>src\uilib\ui\osd\windows</Filter>
    </ClInclude>
    <ClInclude Include="src\uilib\ui\impl\scrollviewimpl.h">
      <Filter>src\uilib\ui\impl</Filter>
    </ClInclude>
    <ClInclude Include="src\user-interface\components\cTextLink.h">
      <Filter>src\user-interface\components</Filter>
    </ClInclude>
    <ClInclude Include="src\user-interface\mainwindow.h">
      <Filter>src\user-interface</Filter>
    </ClInclude>
    <ClInclude Include="src\user-interface\components\cButton.h">
      <Filter>src\user-interface\components</Filter>
    </ClInclude>
    <ClInclude Include="src\core\entity\Action.h">
      <Filter>src\core\entity</Filter>
    </ClInclude>
    <ClInclude Include="src\core\entity\Body.h">
      <Filter>src\core\entity</Filter>
    </ClInclude>
    <ClInclude Include="src\core\entity\Exercise.h">
      <Filter>src\core\entity</Filter>
    </ClInclude>
    <ClInclude Include="src\core\entity\MovementGesture.h">
      <Filter>src\core\entity</Filter>
    </ClInclude>
    <ClInclude Include="src\core\entity\SimpleGesture.h">
      <Filter>src\core\entity</Filter>
    </ClInclude>
    <ClInclude Include="src\core\lib\quaternion.h">
      <Filter>src\core\lib</Filter>
    </ClInclude>
    <ClInclude Include="src\core\lib\vector3.h">
      <Filter>src\core\lib</Filter>
    </ClInclude>
    <ClInclude Include="src\core\BodyTracker.h">
      <Filter>src\core</Filter>
    </ClInclude>
    <ClInclude Include="src\core\kinectsensor.h">
      <Filter>src\core</Filter>
    </ClInclude>
    <ClInclude Include="src\core\Sensor.h">
      <Filter>src\core</Filter>
    </ClInclude>
    <ClInclude Include="src\entity\UserProfile.h">
      <Filter>src\entity</Filter>
    </ClInclude>
    <ClInclude Include="src\core\GestureCommandsManager.h">
      <Filter>src\core</Filter>
    </ClInclude>
    <ClInclude Include="src\user-interface\DebugController.h">
      <Filter>src\user-interface</Filter>
    </ClInclude>
    <ClInclude Include="src\core\entity\BodyPoint.h">
      <Filter>src\core\entity</Filter>
    </ClInclude>
    <ClInclude Include="src\RelOrientChar.h">
      <Filter>src</Filter>
    </ClInclude>
    <ClInclude Include="src\user-interface\PlayModeController.h">
      <Filter>src\user-interface</Filter>
    </ClInclude>
    <ClInclude Include="src\entity\GeneralSettings.h">
      <Filter>src\entity</Filter>
    </ClInclude>
    <ClInclude Include="src\entity\dao\GeneralSettingsDAO.h">
      <Filter>src\entity\dao</Filter>
    </ClInclude>
    <ClInclude Include="src\user-interface\GeneralSettingsController.h">
      <Filter>src\user-interface</Filter>
    </ClInclude>
    <ClInclude Include="src\core\GestureCommand.h">
      <Filter>src\core</Filter>
    </ClInclude>
    <ClInclude Include="src\core\BodyPointState.h">
      <Filter>src\core</Filter>
    </ClInclude>
  </ItemGroup>
  <ItemGroup>
    <ClCompile Include="src\utils\crypter.cpp">
      <Filter>src\utils</Filter>
    </ClCompile>
    <ClCompile Include="src\render3d\d3d9engine.cpp">
      <Filter>src\render3d</Filter>
    </ClCompile>
    <ClCompile Include="src\render3d\renderengine.cpp">
      <Filter>src\render3d</Filter>
    </ClCompile>
    <ClCompile Include="src\render3d\renderenginehelper.cpp">
      <Filter>src\render3d</Filter>
    </ClCompile>
    <ClCompile Include="src\render3d\resourcedata.cpp">
      <Filter>src\render3d</Filter>
    </ClCompile>
    <ClCompile Include="src\render3d\resourceinstance.cpp">
      <Filter>src\render3d</Filter>
    </ClCompile>
    <ClCompile Include="src\render3d\viewport.cpp">
      <Filter>src\render3d</Filter>
    </ClCompile>
    <ClCompile Include="src\user-interface\LoginController.cpp">
      <Filter>src\user-interface</Filter>
    </ClCompile>
    <ClCompile Include="src\uilib\ui\control.cpp">
      <Filter>src\uilib\ui</Filter>
    </ClCompile>
    <ClCompile Include="src\uilib\ui\font.cpp">
      <Filter>src\uilib\ui</Filter>
    </ClCompile>
    <ClCompile Include="src\uilib\ui\menu.cpp">
      <Filter>src\uilib\ui</Filter>
    </ClCompile>
    <ClCompile Include="src\uilib\ui\uibase.cpp">
      <Filter>src\uilib\ui</Filter>
    </ClCompile>
    <ClCompile Include="src\uilib\ui\uiobj.cpp">
      <Filter>src\uilib\ui</Filter>
    </ClCompile>
    <ClCompile Include="src\uilib\ui\uitools.cpp">
      <Filter>src\uilib\ui</Filter>
    </ClCompile>
    <ClCompile Include="src\uilib\ui\window.cpp">
      <Filter>src\uilib\ui</Filter>
    </ClCompile>
    <ClCompile Include="src\uilib\ui\controls\button.cpp">
      <Filter>src\uilib\ui\controls</Filter>
    </ClCompile>
    <ClCompile Include="src\uilib\ui\controls\checkbox.cpp">
      <Filter>src\uilib\ui\controls</Filter>
    </ClCompile>
    <ClCompile Include="src\uilib\ui\controls\combobox.cpp">
      <Filter>src\uilib\ui\controls</Filter>
    </ClCompile>
    <ClCompile Include="src\uilib\ui\controls\editbox.cpp">
      <Filter>src\uilib\ui\controls</Filter>
    </ClCompile>
    <ClCompile Include="src\uilib\ui\controls\gridview.cpp">
      <Filter>src\uilib\ui\controls</Filter>
    </ClCompile>
    <ClCompile Include="src\uilib\ui\controls\groupbox.cpp">
      <Filter>src\uilib\ui\controls</Filter>
    </ClCompile>
    <ClCompile Include="src\uilib\ui\controls\label.cpp">
      <Filter>src\uilib\ui\controls</Filter>
    </ClCompile>
    <ClCompile Include="src\uilib\ui\controls\listview.cpp">
      <Filter>src\uilib\ui\controls</Filter>
    </ClCompile>
    <ClCompile Include="src\uilib\ui\controls\radiobutton.cpp">
      <Filter>src\uilib\ui\controls</Filter>
    </ClCompile>
    <ClCompile Include="src\uilib\ui\controls\scrollbar.cpp">
      <Filter>src\uilib\ui\controls</Filter>
    </ClCompile>
    <ClCompile Include="src\uilib\ui\controls\separator.cpp">
      <Filter>src\uilib\ui\controls</Filter>
    </ClCompile>
    <ClCompile Include="src\uilib\ui\controls\statusbar.cpp">
      <Filter>src\uilib\ui\controls</Filter>
    </ClCompile>
    <ClCompile Include="src\uilib\ui\controls\textlink.cpp">
      <Filter>src\uilib\ui\controls</Filter>
    </ClCompile>
    <ClCompile Include="src\uilib\ui\dialogs\filedialog.cpp">
      <Filter>src\uilib\ui\dialogs</Filter>
    </ClCompile>
    <ClCompile Include="src\uilib\ui\layout\horizontallayout.cpp">
      <Filter>src\uilib\ui\layout</Filter>
    </ClCompile>
    <ClCompile Include="src\uilib\ui\layout\layout.cpp">
      <Filter>src\uilib\ui\layout</Filter>
    </ClCompile>
    <ClCompile Include="src\uilib\ui\layout\linearlayout.cpp">
      <Filter>src\uilib\ui\layout</Filter>
    </ClCompile>
    <ClCompile Include="src\uilib\ui\layout\verticallayout.cpp">
      <Filter>src\uilib\ui\layout</Filter>
    </ClCompile>
    <ClCompile Include="src\uilib\ui\painting\bitmap.cpp">
      <Filter>src\uilib\ui\painting</Filter>
    </ClCompile>
    <ClCompile Include="src\uilib\ui\painting\painter.cpp">
      <Filter>src\uilib\ui\painting</Filter>
    </ClCompile>
    <ClCompile Include="src\uilib\ui\painting\paintingdevice.cpp">
      <Filter>src\uilib\ui\painting</Filter>
    </ClCompile>
    <ClCompile Include="src\uilib\ui\painting\palette.cpp">
      <Filter>src\uilib\ui\painting</Filter>
    </ClCompile>
    <ClCompile Include="src\uilib\ui\painting\transform.cpp">
      <Filter>src\uilib\ui\painting</Filter>
    </ClCompile>
    <ClCompile Include="src\uilib\ui\osd\windows\osdbase.cpp">
      <Filter>src\uilib\ui\osd\windows</Filter>
    </ClCompile>
    <ClCompile Include="src\uilib\ui\osd\windows\osdbutton.cpp">
      <Filter>src\uilib\ui\osd\windows</Filter>
    </ClCompile>
    <ClCompile Include="src\uilib\ui\osd\windows\osdcheckbox.cpp">
      <Filter>src\uilib\ui\osd\windows</Filter>
    </ClCompile>
    <ClCompile Include="src\uilib\ui\osd\windows\osdcombobox.cpp">
      <Filter>src\uilib\ui\osd\windows</Filter>
    </ClCompile>
    <ClCompile Include="src\uilib\ui\osd\windows\osdcontrol.cpp">
      <Filter>src\uilib\ui\osd\windows</Filter>
    </ClCompile>
    <ClCompile Include="src\uilib\ui\osd\windows\osdeditbox.cpp">
      <Filter>src\uilib\ui\osd\windows</Filter>
    </ClCompile>
    <ClCompile Include="src\uilib\ui\osd\windows\osdfiledialog.cpp">
      <Filter>src\uilib\ui\osd\windows</Filter>
    </ClCompile>
    <ClCompile Include="src\uilib\ui\osd\windows\osdfont.cpp">
      <Filter>src\uilib\ui\osd\windows</Filter>
    </ClCompile>
    <ClCompile Include="src\uilib\ui\osd\windows\osdgridview.cpp">
      <Filter>src\uilib\ui\osd\windows</Filter>
    </ClCompile>
    <ClCompile Include="src\uilib\ui\osd\windows\osdgroupbox.cpp">
      <Filter>src\uilib\ui\osd\windows</Filter>
    </ClCompile>
    <ClCompile Include="src\uilib\ui\osd\windows\osdlabel.cpp">
      <Filter>src\uilib\ui\osd\windows</Filter>
    </ClCompile>
    <ClCompile Include="src\uilib\ui\osd\windows\osdlistview.cpp">
      <Filter>src\uilib\ui\osd\windows</Filter>
    </ClCompile>
    <ClCompile Include="src\uilib\ui\osd\windows\osdmenu.cpp">
      <Filter>src\uilib\ui\osd\windows</Filter>
    </ClCompile>
    <ClCompile Include="src\uilib\ui\osd\windows\osdpaintingdevice.cpp">
      <Filter>src\uilib\ui\osd\windows</Filter>
    </ClCompile>
    <ClCompile Include="src\uilib\ui\osd\windows\osdradiobutton.cpp">
      <Filter>src\uilib\ui\osd\windows</Filter>
    </ClCompile>
    <ClCompile Include="src\uilib\ui\osd\windows\osdscrollbar.cpp">
      <Filter>src\uilib\ui\osd\windows</Filter>
    </ClCompile>
    <ClCompile Include="src\uilib\ui\osd\windows\osdstatusbar.cpp">
      <Filter>src\uilib\ui\osd\windows</Filter>
    </ClCompile>
    <ClCompile Include="src\uilib\ui\osd\windows\osduitools.cpp">
      <Filter>src\uilib\ui\osd\windows</Filter>
    </ClCompile>
    <ClCompile Include="src\uilib\ui\osd\windows\osdwindow.cpp">
      <Filter>src\uilib\ui\osd\windows</Filter>
    </ClCompile>
    <ClCompile Include="src\uilib\ui\osd\windows\uiobject.cpp">
      <Filter>src\uilib\ui\osd\windows</Filter>
    </ClCompile>
    <ClCompile Include="src\uilib\ui\osd\windows\windowscontrols.cpp">
      <Filter>src\uilib\ui\osd\windows</Filter>
    </ClCompile>
    <ClCompile Include="src\uilib\lib\dir.cpp">
      <Filter>src\uilib\lib</Filter>
    </ClCompile>
    <ClCompile Include="src\uilib\lib\file.cpp">
      <Filter>src\uilib\lib</Filter>
    </ClCompile>
    <ClCompile Include="src\uilib\lib\matrix.cpp">
      <Filter>src\uilib\lib</Filter>
    </ClCompile>
    <ClCompile Include="src\uilib\lib\pmfile.cpp">
      <Filter>src\uilib\lib</Filter>
    </ClCompile>
    <ClCompile Include="src\uilib\lib\string.cpp">
      <Filter>src\uilib\lib</Filter>
    </ClCompile>
    <ClCompile Include="src\uilib\lib\timer.cpp">
      <Filter>src\uilib\lib</Filter>
    </ClCompile>
    <ClCompile Include="src\uilib\lib\osd\osdfile.cpp">
      <Filter>src\uilib\lib\osd</Filter>
    </ClCompile>
    <ClCompile Include="src\uilib\lib\osd\strfuncs.cpp">
      <Filter>src\uilib\lib\osd</Filter>
    </ClCompile>
    <ClCompile Include="src\uilib\lib\osd\time.cpp">
      <Filter>src\uilib\lib\osd</Filter>
    </ClCompile>
    <ClCompile Include="src\database\sqlite\sqlitestatement.cpp">
      <Filter>src\database\sqlite</Filter>
    </ClCompile>
    <ClCompile Include="src\database\sqlite\sqliteresultset.cpp">
      <Filter>src\database\sqlite</Filter>
    </ClCompile>
    <ClCompile Include="src\database\sqlite\sqlitedatabase.cpp">
      <Filter>src\database\sqlite</Filter>
    </ClCompile>
    <ClCompile Include="src\render3d\textresource.cpp">
      <Filter>src\render3d</Filter>
    </ClCompile>
    <ClCompile Include="src\user-interface\ExercisesController.cpp">
      <Filter>src\user-interface</Filter>
    </ClCompile>
    <ClCompile Include="src\cinetico.cpp">
      <Filter>src</Filter>
    </ClCompile>
    <ClCompile Include="src\cineticodb.cpp">
      <Filter>src</Filter>
    </ClCompile>
    <ClCompile Include="src\render3d\fontresource.cpp">
      <Filter>src\render3d</Filter>
    </ClCompile>
    <ClCompile Include="src\entity\dao\ExerciseDAO.cpp">
      <Filter>src\entity\dao</Filter>
    </ClCompile>
    <ClCompile Include="src\entity\dao\UserProfileDAO.cpp">
      <Filter>src\entity\dao</Filter>
    </ClCompile>
    <ClCompile Include="src\entity\dao\ActionDAO.cpp">
      <Filter>src\entity\dao</Filter>
    </ClCompile>
    <ClCompile Include="src\user-interface\UserProfileController.cpp">
      <Filter>src\user-interface</Filter>
    </ClCompile>
    <ClCompile Include="src\user-interface\components\cSeparator.cpp">
      <Filter>src\user-interface\components</Filter>
    </ClCompile>
    <ClCompile Include="src\user-interface\components\cTextBox.cpp">
      <Filter>src\user-interface\components</Filter>
    </ClCompile>
    <ClCompile Include="src\user-interface\components\cPageTitle.cpp">
      <Filter>src\user-interface\components</Filter>
    </ClCompile>
    <ClCompile Include="src\user-interface\components\cComboBox.cpp">
      <Filter>src\user-interface\components</Filter>
    </ClCompile>
    <ClCompile Include="src\colladaparser.cpp">
      <Filter>src</Filter>
    </ClCompile>
    <ClCompile Include="src\lib\sqlite-amalgamation-3200100\shell.c">
      <Filter>src\lib\sqlite-amalgamation-3200100</Filter>
    </ClCompile>
    <ClCompile Include="src\lib\sqlite-amalgamation-3200100\sqlite3.c">
      <Filter>src\lib\sqlite-amalgamation-3200100</Filter>
    </ClCompile>
    <ClCompile Include="src\user-interface\viewtemplate.cpp">
      <Filter>src\user-interface</Filter>
    </ClCompile>
    <ClCompile Include="src\character.cpp">
      <Filter>src</Filter>
    </ClCompile>
    <ClCompile Include="src\dummycharacter.cpp">
      <Filter>src</Filter>
    </ClCompile>
    <ClCompile Include="src\humancharacter.cpp">
      <Filter>src</Filter>
    </ClCompile>
    <ClCompile Include="src\dictionary.cpp">
      <Filter>src</Filter>
    </ClCompile>
    <ClCompile Include="src\user-interface\Controller.cpp">
      <Filter>src\user-interface</Filter>
    </ClCompile>
    <ClCompile Include="src\user-interface\ActionsController.cpp">
      <Filter>src\user-interface</Filter>
    </ClCompile>
    <ClCompile Include="src\cineticoui.cpp">
      <Filter>src</Filter>
    </ClCompile>
    <ClCompile Include="src\user-interface\playmodes\DebugPlayMode.cpp">
      <Filter>src\user-interface\playmodes</Filter>
    </ClCompile>
    <ClCompile Include="src\user-interface\playmodes\ExercisePlayMode.cpp">
      <Filter>src\user-interface\playmodes</Filter>
    </ClCompile>
    <ClCompile Include="src\user-interface\playmodes\FreePlayMode.cpp">
      <Filter>src\user-interface\playmodes</Filter>
    </ClCompile>
    <ClCompile Include="src\user-interface\playmodes\ReplayPlayMode.cpp">
      <Filter>src\user-interface\playmodes</Filter>
    </ClCompile>
    <ClCompile Include="src\user-interface\playmodes\PlayMode.cpp">
      <Filter>src\user-interface\playmodes</Filter>
    </ClCompile>
    <ClCompile Include="src\input.cpp">
      <Filter>src</Filter>
    </ClCompile>
    <ClCompile Include="src\uilib\ui\controls\scrollview.cpp">
      <Filter>src\uilib\ui\controls</Filter>
    </ClCompile>
    <ClCompile Include="src\uilib\ui\osd\windows\osdscrollview.cpp">
      <Filter>src\uilib\ui\osd\windows</Filter>
    </ClCompile>
    <ClCompile Include="src\user-interface\components\cTextLink.cpp">
      <Filter>src\user-interface\components</Filter>
    </ClCompile>
    <ClCompile Include="src\user-interface\mainwindow.cpp">
      <Filter>src\user-interface</Filter>
    </ClCompile>
    <ClCompile Include="src\user-interface\components\cButton.cpp">
      <Filter>src\user-interface\components</Filter>
    </ClCompile>
    <ClCompile Include="src\core\entity\Action.cpp">
      <Filter>src\core\entity</Filter>
    </ClCompile>
    <ClCompile Include="src\core\entity\Body.cpp">
      <Filter>src\core\entity</Filter>
    </ClCompile>
    <ClCompile Include="src\core\entity\Exercise.cpp">
      <Filter>src\core\entity</Filter>
    </ClCompile>
    <ClCompile Include="src\core\entity\MovementGesture.cpp">
      <Filter>src\core\entity</Filter>
    </ClCompile>
    <ClCompile Include="src\core\entity\SimpleGesture.cpp">
      <Filter>src\core\entity</Filter>
    </ClCompile>
    <ClCompile Include="src\core\BodyTracker.cpp">
      <Filter>src\core</Filter>
    </ClCompile>
    <ClCompile Include="src\core\kinectsensor.cpp">
      <Filter>src\core</Filter>
    </ClCompile>
    <ClCompile Include="src\core\Sensor.cpp">
      <Filter>src\core</Filter>
    </ClCompile>
    <ClCompile Include="src\entity\UserProfile.cpp">
      <Filter>src\entity</Filter>
    </ClCompile>
    <ClCompile Include="src\core\GestureCommandsManager.cpp">
      <Filter>src\core</Filter>
    </ClCompile>
    <ClCompile Include="src\user-interface\DebugController.cpp">
      <Filter>src\user-interface</Filter>
    </ClCompile>
    <ClCompile Include="src\core\entity\BodyPoint.cpp">
      <Filter>src\core\entity</Filter>
    </ClCompile>
    <ClCompile Include="src\RelOrientChar.cpp">
      <Filter>src</Filter>
    </ClCompile>
    <ClCompile Include="src\user-interface\PlayModeController.cpp">
      <Filter>src\user-interface</Filter>
    </ClCompile>
    <ClCompile Include="src\entity\GeneralSettings.cpp">
      <Filter>src\entity</Filter>
    </ClCompile>
    <ClCompile Include="src\entity\dao\GeneralSettingsDAO.cpp">
      <Filter>src\entity\dao</Filter>
    </ClCompile>
    <ClCompile Include="src\user-interface\GeneralSettingsController.cpp">
      <Filter>src\user-interface</Filter>
    </ClCompile>
    <ClCompile Include="src\core\GestureCommand.cpp">
      <Filter>src\core</Filter>
    </ClCompile>
    <ClCompile Include="src\core\BodyPointState.cpp">
      <Filter>src\core</Filter>
    </ClCompile>
  </ItemGroup>
  <ItemGroup>
    <Manifest Include="src\uilib\ui\osd\windows\rfuia.Manifest">
      <Filter>src\uilib\ui\osd\windows</Filter>
    </Manifest>
  </ItemGroup>
  <ItemGroup>
    <None Include="src\lib\d3dx9math.inl">
      <Filter>src\lib</Filter>
    </None>
    <None Include="related_non_functional_resources\Diagramas.asta">
      <Filter>related_non_functional_resources</Filter>
    </None>
    <None Include="related_non_functional_resources\Product backlog.xlsx">
      <Filter>related_non_functional_resources</Filter>
    </None>
    <None Include="related_non_functional_resources\TCC - Cinético.docx">
      <Filter>related_non_functional_resources</Filter>
    </None>
  </ItemGroup>
</Project>